
Microsoft Visual Studio Solution File, Format Version 12.00
# Visual Studio Version 17
VisualStudioVersion = 17.11.35222.181
MinimumVisualStudioVersion = 10.0.40219.1
Project("{FAE04EC0-301F-11D3-BF4B-00C04F79EFBC}") = "GestionOceanBijoux", "GestionOceanBijoux\GestionOceanBijoux.csproj", "{DB1A37AA-F67E-42AD-9FEC-8F6E8A5A3942}"
EndProject
Global
	GlobalSection(SolutionConfigurationPlatforms) = preSolution
		Debug|Any CPU = Debug|Any CPU
		Release|Any CPU = Release|Any CPU
	EndGlobalSection
	GlobalSection(ProjectConfigurationPlatforms) = postSolution
		{DB1A37AA-F67E-42AD-9FEC-8F6E8A5A3942}.Debug|Any CPU.ActiveCfg = Debug|Any CPU
		{DB1A37AA-F67E-42AD-9FEC-8F6E8A5A3942}.Debug|Any CPU.Build.0 = Debug|Any CPU
		{DB1A37AA-F67E-42AD-9FEC-8F6E8A5A3942}.Release|Any CPU.ActiveCfg = Release|Any CPU
		{DB1A37AA-F67E-42AD-9FEC-8F6E8A5A3942}.Release|Any CPU.Build.0 = Release|Any CPU
	EndGlobalSection
	GlobalSection(SolutionProperties) = preSolution
		HideSolutionNode = FALSE
	EndGlobalSection
	GlobalSection(ExtensibilityGlobals) = postSolution
		SolutionGuid = {20479E1E-D68B-4DBF-B238-276F290D44F3}
	EndGlobalSection
EndGlobal
